// !$*UTF8*$!
{
	archiveVersion = 1;
	classes = {
	};
	objectVersion = 56;
	objects = {

/* Begin PBXBuildFile section */
		5239475D28FEDC12003E7933 /* UsedGames+Formatter.swift in Sources */ = {isa = PBXBuildFile; fileRef = 5239475C28FEDC12003E7933 /* UsedGames+Formatter.swift */; };
		526DC71E2AF6EDFB00144F29 /* ImageStore.swift in Sources */ = {isa = PBXBuildFile; fileRef = 526DC71D2AF6EDFB00144F29 /* ImageStore.swift */; };
		52985FD628F42E1C004AB9FC /* UsedGamesApp.swift in Sources */ = {isa = PBXBuildFile; fileRef = 52985FD528F42E1C004AB9FC /* UsedGamesApp.swift */; };
		52985FD828F42E1C004AB9FC /* ContentView.swift in Sources */ = {isa = PBXBuildFile; fileRef = 52985FD728F42E1C004AB9FC /* ContentView.swift */; };
		52985FDA28F42E1D004AB9FC /* Assets.xcassets in Resources */ = {isa = PBXBuildFile; fileRef = 52985FD928F42E1D004AB9FC /* Assets.xcassets */; };
		52985FDE28F42E1D004AB9FC /* Preview Assets.xcassets in Resources */ = {isa = PBXBuildFile; fileRef = 52985FDD28F42E1D004AB9FC /* Preview Assets.xcassets */; };
		52985FE828F42E1E004AB9FC /* UsedGamesTests.swift in Sources */ = {isa = PBXBuildFile; fileRef = 52985FE728F42E1E004AB9FC /* UsedGamesTests.swift */; };
		52985FF228F42E1E004AB9FC /* UsedGamesUITests.swift in Sources */ = {isa = PBXBuildFile; fileRef = 52985FF128F42E1E004AB9FC /* UsedGamesUITests.swift */; };
		52985FF428F42E1E004AB9FC /* UsedGamesUITestsLaunchTests.swift in Sources */ = {isa = PBXBuildFile; fileRef = 52985FF328F42E1E004AB9FC /* UsedGamesUITestsLaunchTests.swift */; };
		5298600128F55FFA004AB9FC /* Game.swift in Sources */ = {isa = PBXBuildFile; fileRef = 5298600028F55FFA004AB9FC /* Game.swift */; };
		5298600328F574A5004AB9FC /* GameStore.swift in Sources */ = {isa = PBXBuildFile; fileRef = 5298600228F574A5004AB9FC /* GameStore.swift */; };
		52A2EEB929B349CC00058892 /* Colors.xcassets in Resources */ = {isa = PBXBuildFile; fileRef = 52A2EEB829B349CC00058892 /* Colors.xcassets */; };
		52A2EEBB29B34B1F00058892 /* Color+UsedGames.swift in Sources */ = {isa = PBXBuildFile; fileRef = 52A2EEBA29B34B1F00058892 /* Color+UsedGames.swift */; };
		52A2EEBD29B34F0F00058892 /* GameListItem.swift in Sources */ = {isa = PBXBuildFile; fileRef = 52A2EEBC29B34F0F00058892 /* GameListItem.swift */; };
		52D7874A29B3909000242787 /* DetailView.swift in Sources */ = {isa = PBXBuildFile; fileRef = 52D7874929B3909000242787 /* DetailView.swift */; };
		52EB39CF2AC851590056F203 /* PhotoPicker.swift in Sources */ = {isa = PBXBuildFile; fileRef = 52EB39CE2AC851590056F203 /* PhotoPicker.swift */; };
/* End PBXBuildFile section */

/* Begin PBXContainerItemProxy section */
		52985FE428F42E1E004AB9FC /* PBXContainerItemProxy */ = {
			isa = PBXContainerItemProxy;
			containerPortal = 52985FCA28F42E1C004AB9FC /* Project object */;
			proxyType = 1;
			remoteGlobalIDString = 52985FD128F42E1C004AB9FC;
			remoteInfo = UsedGames;
		};
		52985FEE28F42E1E004AB9FC /* PBXContainerItemProxy */ = {
			isa = PBXContainerItemProxy;
			containerPortal = 52985FCA28F42E1C004AB9FC /* Project object */;
			proxyType = 1;
			remoteGlobalIDString = 52985FD128F42E1C004AB9FC;
			remoteInfo = UsedGames;
		};
/* End PBXContainerItemProxy section */

/* Begin PBXFileReference section */
		5239475C28FEDC12003E7933 /* UsedGames+Formatter.swift */ = {isa = PBXFileReference; lastKnownFileType = sourcecode.swift; path = "UsedGames+Formatter.swift"; sourceTree = "<group>"; };
		526DC71D2AF6EDFB00144F29 /* ImageStore.swift */ = {isa = PBXFileReference; lastKnownFileType = sourcecode.swift; path = ImageStore.swift; sourceTree = "<group>"; };
		52985FD228F42E1C004AB9FC /* UsedGames.app */ = {isa = PBXFileReference; explicitFileType = wrapper.application; includeInIndex = 0; path = UsedGames.app; sourceTree = BUILT_PRODUCTS_DIR; };
		52985FD528F42E1C004AB9FC /* UsedGamesApp.swift */ = {isa = PBXFileReference; lastKnownFileType = sourcecode.swift; path = UsedGamesApp.swift; sourceTree = "<group>"; };
		52985FD728F42E1C004AB9FC /* ContentView.swift */ = {isa = PBXFileReference; lastKnownFileType = sourcecode.swift; path = ContentView.swift; sourceTree = "<group>"; };
		52985FD928F42E1D004AB9FC /* Assets.xcassets */ = {isa = PBXFileReference; lastKnownFileType = folder.assetcatalog; path = Assets.xcassets; sourceTree = "<group>"; };
		52985FDB28F42E1D004AB9FC /* UsedGames.entitlements */ = {isa = PBXFileReference; lastKnownFileType = text.plist.entitlements; path = UsedGames.entitlements; sourceTree = "<group>"; };
		52985FDD28F42E1D004AB9FC /* Preview Assets.xcassets */ = {isa = PBXFileReference; lastKnownFileType = folder.assetcatalog; path = "Preview Assets.xcassets"; sourceTree = "<group>"; };
		52985FE328F42E1E004AB9FC /* UsedGamesTests.xctest */ = {isa = PBXFileReference; explicitFileType = wrapper.cfbundle; includeInIndex = 0; path = UsedGamesTests.xctest; sourceTree = BUILT_PRODUCTS_DIR; };
		52985FE728F42E1E004AB9FC /* UsedGamesTests.swift */ = {isa = PBXFileReference; lastKnownFileType = sourcecode.swift; path = UsedGamesTests.swift; sourceTree = "<group>"; };
		52985FED28F42E1E004AB9FC /* UsedGamesUITests.xctest */ = {isa = PBXFileReference; explicitFileType = wrapper.cfbundle; includeInIndex = 0; path = UsedGamesUITests.xctest; sourceTree = BUILT_PRODUCTS_DIR; };
		52985FF128F42E1E004AB9FC /* UsedGamesUITests.swift */ = {isa = PBXFileReference; lastKnownFileType = sourcecode.swift; path = UsedGamesUITests.swift; sourceTree = "<group>"; };
		52985FF328F42E1E004AB9FC /* UsedGamesUITestsLaunchTests.swift */ = {isa = PBXFileReference; lastKnownFileType = sourcecode.swift; path = UsedGamesUITestsLaunchTests.swift; sourceTree = "<group>"; };
		5298600028F55FFA004AB9FC /* Game.swift */ = {isa = PBXFileReference; lastKnownFileType = sourcecode.swift; path = Game.swift; sourceTree = "<group>"; };
		5298600228F574A5004AB9FC /* GameStore.swift */ = {isa = PBXFileReference; lastKnownFileType = sourcecode.swift; path = GameStore.swift; sourceTree = "<group>"; };
		52A2EEB829B349CC00058892 /* Colors.xcassets */ = {isa = PBXFileReference; lastKnownFileType = folder.assetcatalog; path = Colors.xcassets; sourceTree = "<group>"; };
		52A2EEBA29B34B1F00058892 /* Color+UsedGames.swift */ = {isa = PBXFileReference; lastKnownFileType = sourcecode.swift; path = "Color+UsedGames.swift"; sourceTree = "<group>"; };
		52A2EEBC29B34F0F00058892 /* GameListItem.swift */ = {isa = PBXFileReference; lastKnownFileType = sourcecode.swift; path = GameListItem.swift; sourceTree = "<group>"; };
		52D7874929B3909000242787 /* DetailView.swift */ = {isa = PBXFileReference; lastKnownFileType = sourcecode.swift; path = DetailView.swift; sourceTree = "<group>"; };
		52EB39CE2AC851590056F203 /* PhotoPicker.swift */ = {isa = PBXFileReference; lastKnownFileType = sourcecode.swift; path = PhotoPicker.swift; sourceTree = "<group>"; };
/* End PBXFileReference section */

/* Begin PBXFrameworksBuildPhase section */
		52985FCF28F42E1C004AB9FC /* Frameworks */ = {
			isa = PBXFrameworksBuildPhase;
			buildActionMask = 2147483647;
			files = (
			);
			runOnlyForDeploymentPostprocessing = 0;
		};
		52985FE028F42E1E004AB9FC /* Frameworks */ = {
			isa = PBXFrameworksBuildPhase;
			buildActionMask = 2147483647;
			files = (
			);
			runOnlyForDeploymentPostprocessing = 0;
		};
		52985FEA28F42E1E004AB9FC /* Frameworks */ = {
			isa = PBXFrameworksBuildPhase;
			buildActionMask = 2147483647;
			files = (
			);
			runOnlyForDeploymentPostprocessing = 0;
		};
/* End PBXFrameworksBuildPhase section */

/* Begin PBXGroup section */
		52985FC928F42E1C004AB9FC = {
			isa = PBXGroup;
			children = (
				52985FD428F42E1C004AB9FC /* UsedGames */,
				52985FE628F42E1E004AB9FC /* UsedGamesTests */,
				52985FF028F42E1E004AB9FC /* UsedGamesUITests */,
				52985FD328F42E1C004AB9FC /* Products */,
			);
			sourceTree = "<group>";
		};
		52985FD328F42E1C004AB9FC /* Products */ = {
			isa = PBXGroup;
			children = (
				52985FD228F42E1C004AB9FC /* UsedGames.app */,
				52985FE328F42E1E004AB9FC /* UsedGamesTests.xctest */,
				52985FED28F42E1E004AB9FC /* UsedGamesUITests.xctest */,
			);
			name = Products;
			sourceTree = "<group>";
		};
		52985FD428F42E1C004AB9FC /* UsedGames */ = {
			isa = PBXGroup;
			children = (
				52A2EEB829B349CC00058892 /* Colors.xcassets */,
				5298600228F574A5004AB9FC /* GameStore.swift */,
				52985FD528F42E1C004AB9FC /* UsedGamesApp.swift */,
				52D7874929B3909000242787 /* DetailView.swift */,
				52EB39CE2AC851590056F203 /* PhotoPicker.swift */,
				526DC71D2AF6EDFB00144F29 /* ImageStore.swift */,
				52985FD728F42E1C004AB9FC /* ContentView.swift */,
				5298600028F55FFA004AB9FC /* Game.swift */,
				52A2EEBC29B34F0F00058892 /* GameListItem.swift */,
				5239475C28FEDC12003E7933 /* UsedGames+Formatter.swift */,
				52A2EEBA29B34B1F00058892 /* Color+UsedGames.swift */,
				52985FD928F42E1D004AB9FC /* Assets.xcassets */,
				52985FDB28F42E1D004AB9FC /* UsedGames.entitlements */,
				52985FDC28F42E1D004AB9FC /* Preview Content */,
			);
			path = UsedGames;
			sourceTree = "<group>";
		};
		52985FDC28F42E1D004AB9FC /* Preview Content */ = {
			isa = PBXGroup;
			children = (
				52985FDD28F42E1D004AB9FC /* Preview Assets.xcassets */,
			);
			path = "Preview Content";
			sourceTree = "<group>";
		};
		52985FE628F42E1E004AB9FC /* UsedGamesTests */ = {
			isa = PBXGroup;
			children = (
				52985FE728F42E1E004AB9FC /* UsedGamesTests.swift */,
			);
			path = UsedGamesTests;
			sourceTree = "<group>";
		};
		52985FF028F42E1E004AB9FC /* UsedGamesUITests */ = {
			isa = PBXGroup;
			children = (
				52985FF128F42E1E004AB9FC /* UsedGamesUITests.swift */,
				52985FF328F42E1E004AB9FC /* UsedGamesUITestsLaunchTests.swift */,
			);
			path = UsedGamesUITests;
			sourceTree = "<group>";
		};
/* End PBXGroup section */

/* Begin PBXNativeTarget section */
		52985FD128F42E1C004AB9FC /* UsedGames */ = {
			isa = PBXNativeTarget;
			buildConfigurationList = 52985FF728F42E1E004AB9FC /* Build configuration list for PBXNativeTarget "UsedGames" */;
			buildPhases = (
				52985FCE28F42E1C004AB9FC /* Sources */,
				52985FCF28F42E1C004AB9FC /* Frameworks */,
				52985FD028F42E1C004AB9FC /* Resources */,
			);
			buildRules = (
			);
			dependencies = (
			);
			name = UsedGames;
			productName = UsedGames;
			productReference = 52985FD228F42E1C004AB9FC /* UsedGames.app */;
			productType = "com.apple.product-type.application";
		};
		52985FE228F42E1E004AB9FC /* UsedGamesTests */ = {
			isa = PBXNativeTarget;
			buildConfigurationList = 52985FFA28F42E1E004AB9FC /* Build configuration list for PBXNativeTarget "UsedGamesTests" */;
			buildPhases = (
				52985FDF28F42E1E004AB9FC /* Sources */,
				52985FE028F42E1E004AB9FC /* Frameworks */,
				52985FE128F42E1E004AB9FC /* Resources */,
			);
			buildRules = (
			);
			dependencies = (
				52985FE528F42E1E004AB9FC /* PBXTargetDependency */,
			);
			name = UsedGamesTests;
			productName = UsedGamesTests;
			productReference = 52985FE328F42E1E004AB9FC /* UsedGamesTests.xctest */;
			productType = "com.apple.product-type.bundle.unit-test";
		};
		52985FEC28F42E1E004AB9FC /* UsedGamesUITests */ = {
			isa = PBXNativeTarget;
			buildConfigurationList = 52985FFD28F42E1E004AB9FC /* Build configuration list for PBXNativeTarget "UsedGamesUITests" */;
			buildPhases = (
				52985FE928F42E1E004AB9FC /* Sources */,
				52985FEA28F42E1E004AB9FC /* Frameworks */,
				52985FEB28F42E1E004AB9FC /* Resources */,
			);
			buildRules = (
			);
			dependencies = (
				52985FEF28F42E1E004AB9FC /* PBXTargetDependency */,
			);
			name = UsedGamesUITests;
			productName = UsedGamesUITests;
			productReference = 52985FED28F42E1E004AB9FC /* UsedGamesUITests.xctest */;
			productType = "com.apple.product-type.bundle.ui-testing";
		};
/* End PBXNativeTarget section */

/* Begin PBXProject section */
		52985FCA28F42E1C004AB9FC /* Project object */ = {
			isa = PBXProject;
			attributes = {
				BuildIndependentTargetsInParallel = 1;
				LastSwiftUpdateCheck = 1400;
				LastUpgradeCheck = 1400;
				TargetAttributes = {
					52985FD128F42E1C004AB9FC = {
						CreatedOnToolsVersion = 14.0.1;
					};
					52985FE228F42E1E004AB9FC = {
						CreatedOnToolsVersion = 14.0.1;
						TestTargetID = 52985FD128F42E1C004AB9FC;
					};
					52985FEC28F42E1E004AB9FC = {
						CreatedOnToolsVersion = 14.0.1;
						TestTargetID = 52985FD128F42E1C004AB9FC;
					};
				};
			};
			buildConfigurationList = 52985FCD28F42E1C004AB9FC /* Build configuration list for PBXProject "UsedGames" */;
			compatibilityVersion = "Xcode 14.0";
			developmentRegion = en;
			hasScannedForEncodings = 0;
			knownRegions = (
				en,
				Base,
			);
			mainGroup = 52985FC928F42E1C004AB9FC;
			productRefGroup = 52985FD328F42E1C004AB9FC /* Products */;
			projectDirPath = "";
			projectRoot = "";
			targets = (
				52985FD128F42E1C004AB9FC /* UsedGames */,
				52985FE228F42E1E004AB9FC /* UsedGamesTests */,
				52985FEC28F42E1E004AB9FC /* UsedGamesUITests */,
			);
		};
/* End PBXProject section */

/* Begin PBXResourcesBuildPhase section */
		52985FD028F42E1C004AB9FC /* Resources */ = {
			isa = PBXResourcesBuildPhase;
			buildActionMask = 2147483647;
			files = (
				52A2EEB929B349CC00058892 /* Colors.xcassets in Resources */,
				52985FDE28F42E1D004AB9FC /* Preview Assets.xcassets in Resources */,
				52985FDA28F42E1D004AB9FC /* Assets.xcassets in Resources */,
			);
			runOnlyForDeploymentPostprocessing = 0;
		};
		52985FE128F42E1E004AB9FC /* Resources */ = {
			isa = PBXResourcesBuildPhase;
			buildActionMask = 2147483647;
			files = (
			);
			runOnlyForDeploymentPostprocessing = 0;
		};
		52985FEB28F42E1E004AB9FC /* Resources */ = {
			isa = PBXResourcesBuildPhase;
			buildActionMask = 2147483647;
			files = (
			);
			runOnlyForDeploymentPostprocessing = 0;
		};
/* End PBXResourcesBuildPhase section */

/* Begin PBXSourcesBuildPhase section */
		52985FCE28F42E1C004AB9FC /* Sources */ = {
			isa = PBXSourcesBuildPhase;
			buildActionMask = 2147483647;
			files = (
				52985FD828F42E1C004AB9FC /* ContentView.swift in Sources */,
				52D7874A29B3909000242787 /* DetailView.swift in Sources */,
				52EB39CF2AC851590056F203 /* PhotoPicker.swift in Sources */,
				526DC71E2AF6EDFB00144F29 /* ImageStore.swift in Sources */,
				5298600328F574A5004AB9FC /* GameStore.swift in Sources */,
				52A2EEBD29B34F0F00058892 /* GameListItem.swift in Sources */,
				52A2EEBB29B34B1F00058892 /* Color+UsedGames.swift in Sources */,
				5239475D28FEDC12003E7933 /* UsedGames+Formatter.swift in Sources */,
				5298600128F55FFA004AB9FC /* Game.swift in Sources */,
				52985FD628F42E1C004AB9FC /* UsedGamesApp.swift in Sources */,
			);
			runOnlyForDeploymentPostprocessing = 0;
		};
		52985FDF28F42E1E004AB9FC /* Sources */ = {
			isa = PBXSourcesBuildPhase;
			buildActionMask = 2147483647;
			files = (
				52985FE828F42E1E004AB9FC /* UsedGamesTests.swift in Sources */,
			);
			runOnlyForDeploymentPostprocessing = 0;
		};
		52985FE928F42E1E004AB9FC /* Sources */ = {
			isa = PBXSourcesBuildPhase;
			buildActionMask = 2147483647;
			files = (
				52985FF228F42E1E004AB9FC /* UsedGamesUITests.swift in Sources */,
				52985FF428F42E1E004AB9FC /* UsedGamesUITestsLaunchTests.swift in Sources */,
			);
			runOnlyForDeploymentPostprocessing = 0;
		};
/* End PBXSourcesBuildPhase section */

/* Begin PBXTargetDependency section */
		52985FE528F42E1E004AB9FC /* PBXTargetDependency */ = {
			isa = PBXTargetDependency;
			target = 52985FD128F42E1C004AB9FC /* UsedGames */;
			targetProxy = 52985FE428F42E1E004AB9FC /* PBXContainerItemProxy */;
		};
		52985FEF28F42E1E004AB9FC /* PBXTargetDependency */ = {
			isa = PBXTargetDependency;
			target = 52985FD128F42E1C004AB9FC /* UsedGames */;
			targetProxy = 52985FEE28F42E1E004AB9FC /* PBXContainerItemProxy */;
		};
/* End PBXTargetDependency section */

/* Begin XCBuildConfiguration section */
		52985FF528F42E1E004AB9FC /* Debug */ = {
			isa = XCBuildConfiguration;
			buildSettings = {
				ALWAYS_SEARCH_USER_PATHS = NO;
				CLANG_ANALYZER_NONNULL = YES;
				CLANG_ANALYZER_NUMBER_OBJECT_CONVERSION = YES_AGGRESSIVE;
				CLANG_CXX_LANGUAGE_STANDARD = "gnu++20";
				CLANG_ENABLE_MODULES = YES;
				CLANG_ENABLE_OBJC_ARC = YES;
				CLANG_ENABLE_OBJC_WEAK = YES;
				CLANG_WARN_BLOCK_CAPTURE_AUTORELEASING = YES;
				CLANG_WARN_BOOL_CONVERSION = YES;
				CLANG_WARN_COMMA = YES;
				CLANG_WARN_CONSTANT_CONVERSION = YES;
				CLANG_WARN_DEPRECATED_OBJC_IMPLEMENTATIONS = YES;
				CLANG_WARN_DIRECT_OBJC_ISA_USAGE = YES_ERROR;
				CLANG_WARN_DOCUMENTATION_COMMENTS = YES;
				CLANG_WARN_EMPTY_BODY = YES;
				CLANG_WARN_ENUM_CONVERSION = YES;
				CLANG_WARN_INFINITE_RECURSION = YES;
				CLANG_WARN_INT_CONVERSION = YES;
				CLANG_WARN_NON_LITERAL_NULL_CONVERSION = YES;
				CLANG_WARN_OBJC_IMPLICIT_RETAIN_SELF = YES;
				CLANG_WARN_OBJC_LITERAL_CONVERSION = YES;
				CLANG_WARN_OBJC_ROOT_CLASS = YES_ERROR;
				CLANG_WARN_QUOTED_INCLUDE_IN_FRAMEWORK_HEADER = YES;
				CLANG_WARN_RANGE_LOOP_ANALYSIS = YES;
				CLANG_WARN_STRICT_PROTOTYPES = YES;
				CLANG_WARN_SUSPICIOUS_MOVE = YES;
				CLANG_WARN_UNGUARDED_AVAILABILITY = YES_AGGRESSIVE;
				CLANG_WARN_UNREACHABLE_CODE = YES;
				CLANG_WARN__DUPLICATE_METHOD_MATCH = YES;
				COPY_PHASE_STRIP = NO;
				DEBUG_INFORMATION_FORMAT = dwarf;
				ENABLE_STRICT_OBJC_MSGSEND = YES;
				ENABLE_TESTABILITY = YES;
				GCC_C_LANGUAGE_STANDARD = gnu11;
				GCC_DYNAMIC_NO_PIC = NO;
				GCC_NO_COMMON_BLOCKS = YES;
				GCC_OPTIMIZATION_LEVEL = 0;
				GCC_PREPROCESSOR_DEFINITIONS = (
					"DEBUG=1",
					"$(inherited)",
				);
				GCC_WARN_64_TO_32_BIT_CONVERSION = YES;
				GCC_WARN_ABOUT_RETURN_TYPE = YES_ERROR;
				GCC_WARN_UNDECLARED_SELECTOR = YES;
				GCC_WARN_UNINITIALIZED_AUTOS = YES_AGGRESSIVE;
				GCC_WARN_UNUSED_FUNCTION = YES;
				GCC_WARN_UNUSED_VARIABLE = YES;
				MTL_ENABLE_DEBUG_INFO = INCLUDE_SOURCE;
				MTL_FAST_MATH = YES;
				ONLY_ACTIVE_ARCH = YES;
				SWIFT_ACTIVE_COMPILATION_CONDITIONS = DEBUG;
				SWIFT_OPTIMIZATION_LEVEL = "-Onone";
			};
			name = Debug;
		};
		52985FF628F42E1E004AB9FC /* Release */ = {
			isa = XCBuildConfiguration;
			buildSettings = {
				ALWAYS_SEARCH_USER_PATHS = NO;
				CLANG_ANALYZER_NONNULL = YES;
				CLANG_ANALYZER_NUMBER_OBJECT_CONVERSION = YES_AGGRESSIVE;
				CLANG_CXX_LANGUAGE_STANDARD = "gnu++20";
				CLANG_ENABLE_MODULES = YES;
				CLANG_ENABLE_OBJC_ARC = YES;
				CLANG_ENABLE_OBJC_WEAK = YES;
				CLANG_WARN_BLOCK_CAPTURE_AUTORELEASING = YES;
				CLANG_WARN_BOOL_CONVERSION = YES;
				CLANG_WARN_COMMA = YES;
				CLANG_WARN_CONSTANT_CONVERSION = YES;
				CLANG_WARN_DEPRECATED_OBJC_IMPLEMENTATIONS = YES;
				CLANG_WARN_DIRECT_OBJC_ISA_USAGE = YES_ERROR;
				CLANG_WARN_DOCUMENTATION_COMMENTS = YES;
				CLANG_WARN_EMPTY_BODY = YES;
				CLANG_WARN_ENUM_CONVERSION = YES;
				CLANG_WARN_INFINITE_RECURSION = YES;
				CLANG_WARN_INT_CONVERSION = YES;
				CLANG_WARN_NON_LITERAL_NULL_CONVERSION = YES;
				CLANG_WARN_OBJC_IMPLICIT_RETAIN_SELF = YES;
				CLANG_WARN_OBJC_LITERAL_CONVERSION = YES;
				CLANG_WARN_OBJC_ROOT_CLASS = YES_ERROR;
				CLANG_WARN_QUOTED_INCLUDE_IN_FRAMEWORK_HEADER = YES;
				CLANG_WARN_RANGE_LOOP_ANALYSIS = YES;
				CLANG_WARN_STRICT_PROTOTYPES = YES;
				CLANG_WARN_SUSPICIOUS_MOVE = YES;
				CLANG_WARN_UNGUARDED_AVAILABILITY = YES_AGGRESSIVE;
				CLANG_WARN_UNREACHABLE_CODE = YES;
				CLANG_WARN__DUPLICATE_METHOD_MATCH = YES;
				COPY_PHASE_STRIP = NO;
				DEBUG_INFORMATION_FORMAT = "dwarf-with-dsym";
				ENABLE_NS_ASSERTIONS = NO;
				ENABLE_STRICT_OBJC_MSGSEND = YES;
				GCC_C_LANGUAGE_STANDARD = gnu11;
				GCC_NO_COMMON_BLOCKS = YES;
				GCC_WARN_64_TO_32_BIT_CONVERSION = YES;
				GCC_WARN_ABOUT_RETURN_TYPE = YES_ERROR;
				GCC_WARN_UNDECLARED_SELECTOR = YES;
				GCC_WARN_UNINITIALIZED_AUTOS = YES_AGGRESSIVE;
				GCC_WARN_UNUSED_FUNCTION = YES;
				GCC_WARN_UNUSED_VARIABLE = YES;
				MTL_ENABLE_DEBUG_INFO = NO;
				MTL_FAST_MATH = YES;
				SWIFT_COMPILATION_MODE = wholemodule;
				SWIFT_OPTIMIZATION_LEVEL = "-O";
			};
			name = Release;
		};
		52985FF828F42E1E004AB9FC /* Debug */ = {
			isa = XCBuildConfiguration;
			buildSettings = {
				ASSETCATALOG_COMPILER_APPICON_NAME = AppIcon;
				ASSETCATALOG_COMPILER_GLOBAL_ACCENT_COLOR_NAME = AccentColor;
				CODE_SIGN_ENTITLEMENTS = UsedGames/UsedGames.entitlements;
				CODE_SIGN_STYLE = Automatic;
				CURRENT_PROJECT_VERSION = 1;
				DEVELOPMENT_ASSET_PATHS = "\"UsedGames/Preview Content\"";
				ENABLE_PREVIEWS = YES;
				GENERATE_INFOPLIST_FILE = YES;
				INFOPLIST_KEY_NSCameraUsageDescription = "This app is need a camera access to take photos of your games.";
				INFOPLIST_KEY_NSPhotoLibraryUsageDescription = "This app is need a photo library access to pick photos of your games.";
				"INFOPLIST_KEY_UIApplicationSceneManifest_Generation[sdk=iphoneos*]" = YES;
				"INFOPLIST_KEY_UIApplicationSceneManifest_Generation[sdk=iphonesimulator*]" = YES;
				"INFOPLIST_KEY_UIApplicationSupportsIndirectInputEvents[sdk=iphoneos*]" = YES;
				"INFOPLIST_KEY_UIApplicationSupportsIndirectInputEvents[sdk=iphonesimulator*]" = YES;
				"INFOPLIST_KEY_UILaunchScreen_Generation[sdk=iphoneos*]" = YES;
				"INFOPLIST_KEY_UILaunchScreen_Generation[sdk=iphonesimulator*]" = YES;
				"INFOPLIST_KEY_UIStatusBarStyle[sdk=iphoneos*]" = UIStatusBarStyleDefault;
				"INFOPLIST_KEY_UIStatusBarStyle[sdk=iphonesimulator*]" = UIStatusBarStyleDefault;
				INFOPLIST_KEY_UISupportedInterfaceOrientations_iPad = "UIInterfaceOrientationPortrait UIInterfaceOrientationPortraitUpsideDown UIInterfaceOrientationLandscapeLeft UIInterfaceOrientationLandscapeRight";
				INFOPLIST_KEY_UISupportedInterfaceOrientations_iPhone = "UIInterfaceOrientationPortrait UIInterfaceOrientationLandscapeLeft UIInterfaceOrientationLandscapeRight";
				IPHONEOS_DEPLOYMENT_TARGET = 16.0;
				LD_RUNPATH_SEARCH_PATHS = "@executable_path/Frameworks";
				"LD_RUNPATH_SEARCH_PATHS[sdk=macosx*]" = "@executable_path/../Frameworks";
				MACOSX_DEPLOYMENT_TARGET = 12.3;
				MARKETING_VERSION = 1.0;
				PRODUCT_BUNDLE_IDENTIFIER = com.busra.UsedGames;
				PRODUCT_NAME = "$(TARGET_NAME)";
				SDKROOT = auto;
				SUPPORTED_PLATFORMS = "iphoneos iphonesimulator macosx";
				SWIFT_EMIT_LOC_STRINGS = YES;
				SWIFT_VERSION = 5.0;
				TARGETED_DEVICE_FAMILY = "1,2";
			};
			name = Debug;
		};
		52985FF928F42E1E004AB9FC /* Release */ = {
			isa = XCBuildConfiguration;
			buildSettings = {
				ASSETCATALOG_COMPILER_APPICON_NAME = AppIcon;
				ASSETCATALOG_COMPILER_GLOBAL_ACCENT_COLOR_NAME = AccentColor;
				CODE_SIGN_ENTITLEMENTS = UsedGames/UsedGames.entitlements;
				CODE_SIGN_STYLE = Automatic;
				CURRENT_PROJECT_VERSION = 1;
				DEVELOPMENT_ASSET_PATHS = "\"UsedGames/Preview Content\"";
				ENABLE_PREVIEWS = YES;
				GENERATE_INFOPLIST_FILE = YES;
				INFOPLIST_KEY_NSCameraUsageDescription = "This app is need a camera access to take photos of your games.";
				INFOPLIST_KEY_NSPhotoLibraryUsageDescription = "This app is need a photo library access to pick photos of your games.";
				"INFOPLIST_KEY_UIApplicationSceneManifest_Generation[sdk=iphoneos*]" = YES;
				"INFOPLIST_KEY_UIApplicationSceneManifest_Generation[sdk=iphonesimulator*]" = YES;
				"INFOPLIST_KEY_UIApplicationSupportsIndirectInputEvents[sdk=iphoneos*]" = YES;
				"INFOPLIST_KEY_UIApplicationSupportsIndirectInputEvents[sdk=iphonesimulator*]" = YES;
				"INFOPLIST_KEY_UILaunchScreen_Generation[sdk=iphoneos*]" = YES;
				"INFOPLIST_KEY_UILaunchScreen_Generation[sdk=iphonesimulator*]" = YES;
				"INFOPLIST_KEY_UIStatusBarStyle[sdk=iphoneos*]" = UIStatusBarStyleDefault;
				"INFOPLIST_KEY_UIStatusBarStyle[sdk=iphonesimulator*]" = UIStatusBarStyleDefault;
				INFOPLIST_KEY_UISupportedInterfaceOrientations_iPad = "UIInterfaceOrientationPortrait UIInterfaceOrientationPortraitUpsideDown UIInterfaceOrientationLandscapeLeft UIInterfaceOrientationLandscapeRight";
				INFOPLIST_KEY_UISupportedInterfaceOrientations_iPhone = "UIInterfaceOrientationPortrait UIInterfaceOrientationLandscapeLeft UIInterfaceOrientationLandscapeRight";
				IPHONEOS_DEPLOYMENT_TARGET = 16.0;
				LD_RUNPATH_SEARCH_PATHS = "@executable_path/Frameworks";
				"LD_RUNPATH_SEARCH_PATHS[sdk=macosx*]" = "@executable_path/../Frameworks";
				MACOSX_DEPLOYMENT_TARGET = 12.3;
				MARKETING_VERSION = 1.0;
				PRODUCT_BUNDLE_IDENTIFIER = com.busra.UsedGames;
				PRODUCT_NAME = "$(TARGET_NAME)";
				SDKROOT = auto;
				SUPPORTED_PLATFORMS = "iphoneos iphonesimulator macosx";
				SWIFT_EMIT_LOC_STRINGS = YES;
				SWIFT_VERSION = 5.0;
				TARGETED_DEVICE_FAMILY = "1,2";
			};
			name = Release;
		};
		52985FFB28F42E1E004AB9FC /* Debug */ = {
			isa = XCBuildConfiguration;
			buildSettings = {
				ALWAYS_EMBED_SWIFT_STANDARD_LIBRARIES = YES;
				BUNDLE_LOADER = "$(TEST_HOST)";
				CODE_SIGN_STYLE = Automatic;
				CURRENT_PROJECT_VERSION = 1;
				GENERATE_INFOPLIST_FILE = YES;
				IPHONEOS_DEPLOYMENT_TARGET = 16.0;
				MACOSX_DEPLOYMENT_TARGET = 12.3;
				MARKETING_VERSION = 1.0;
				PRODUCT_BUNDLE_IDENTIFIER = com.busra.UsedGamesTests;
				PRODUCT_NAME = "$(TARGET_NAME)";
				SDKROOT = auto;
				SUPPORTED_PLATFORMS = "iphoneos iphonesimulator macosx";
				SWIFT_EMIT_LOC_STRINGS = NO;
				SWIFT_VERSION = 5.0;
				TARGETED_DEVICE_FAMILY = "1,2";
				TEST_HOST = "$(BUILT_PRODUCTS_DIR)/UsedGames.app/$(BUNDLE_EXECUTABLE_FOLDER_PATH)/UsedGames";
			};
			name = Debug;
		};
		52985FFC28F42E1E004AB9FC /* Release */ = {
			isa = XCBuildConfiguration;
			buildSettings = {
				ALWAYS_EMBED_SWIFT_STANDARD_LIBRARIES = YES;
				BUNDLE_LOADER = "$(TEST_HOST)";
				CODE_SIGN_STYLE = Automatic;
				CURRENT_PROJECT_VERSION = 1;
				GENERATE_INFOPLIST_FILE = YES;
				IPHONEOS_DEPLOYMENT_TARGET = 16.0;
				MACOSX_DEPLOYMENT_TARGET = 12.3;
				MARKETING_VERSION = 1.0;
				PRODUCT_BUNDLE_IDENTIFIER = com.busra.UsedGamesTests;
				PRODUCT_NAME = "$(TARGET_NAME)";
				SDKROOT = auto;
				SUPPORTED_PLATFORMS = "iphoneos iphonesimulator macosx";
				SWIFT_EMIT_LOC_STRINGS = NO;
				SWIFT_VERSION = 5.0;
				TARGETED_DEVICE_FAMILY = "1,2";
				TEST_HOST = "$(BUILT_PRODUCTS_DIR)/UsedGames.app/$(BUNDLE_EXECUTABLE_FOLDER_PATH)/UsedGames";
			};
			name = Release;
		};
		52985FFE28F42E1E004AB9FC /* Debug */ = {
			isa = XCBuildConfiguration;
			buildSettings = {
				ALWAYS_EMBED_SWIFT_STANDARD_LIBRARIES = YES;
				CODE_SIGN_STYLE = Automatic;
				CURRENT_PROJECT_VERSION = 1;
				GENERATE_INFOPLIST_FILE = YES;
				IPHONEOS_DEPLOYMENT_TARGET = 16.0;
				MACOSX_DEPLOYMENT_TARGET = 12.3;
				MARKETING_VERSION = 1.0;
				PRODUCT_BUNDLE_IDENTIFIER = com.busra.UsedGamesUITests;
				PRODUCT_NAME = "$(TARGET_NAME)";
				SDKROOT = auto;
				SUPPORTED_PLATFORMS = "iphoneos iphonesimulator macosx";
				SWIFT_EMIT_LOC_STRINGS = NO;
				SWIFT_VERSION = 5.0;
				TARGETED_DEVICE_FAMILY = "1,2";
				TEST_TARGET_NAME = UsedGames;
			};
			name = Debug;
		};
		52985FFF28F42E1E004AB9FC /* Release */ = {
			isa = XCBuildConfiguration;
			buildSettings = {
				ALWAYS_EMBED_SWIFT_STANDARD_LIBRARIES = YES;
				CODE_SIGN_STYLE = Automatic;
				CURRENT_PROJECT_VERSION = 1;
				GENERATE_INFOPLIST_FILE = YES;
				IPHONEOS_DEPLOYMENT_TARGET = 16.0;
				MACOSX_DEPLOYMENT_TARGET = 12.3;
				MARKETING_VERSION = 1.0;
				PRODUCT_BUNDLE_IDENTIFIER = com.busra.UsedGamesUITests;
				PRODUCT_NAME = "$(TARGET_NAME)";
				SDKROOT = auto;
				SUPPORTED_PLATFORMS = "iphoneos iphonesimulator macosx";
				SWIFT_EMIT_LOC_STRINGS = NO;
				SWIFT_VERSION = 5.0;
				TARGETED_DEVICE_FAMILY = "1,2";
				TEST_TARGET_NAME = UsedGames;
			};
			name = Release;
		};
/* End XCBuildConfiguration section */

/* Begin XCConfigurationList section */
		52985FCD28F42E1C004AB9FC /* Build configuration list for PBXProject "UsedGames" */ = {
			isa = XCConfigurationList;
			buildConfigurations = (
				52985FF528F42E1E004AB9FC /* Debug */,
				52985FF628F42E1E004AB9FC /* Release */,
			);
			defaultConfigurationIsVisible = 0;
			defaultConfigurationName = Release;
		};
		52985FF728F42E1E004AB9FC /* Build configuration list for PBXNativeTarget "UsedGames" */ = {
			isa = XCConfigurationList;
			buildConfigurations = (
				52985FF828F42E1E004AB9FC /* Debug */,
				52985FF928F42E1E004AB9FC /* Release */,
			);
			defaultConfigurationIsVisible = 0;
			defaultConfigurationName = Release;
		};
		52985FFA28F42E1E004AB9FC /* Build configuration list for PBXNativeTarget "UsedGamesTests" */ = {
			isa = XCConfigurationList;
			buildConfigurations = (
				52985FFB28F42E1E004AB9FC /* Debug */,
				52985FFC28F42E1E004AB9FC /* Release */,
			);
			defaultConfigurationIsVisible = 0;
			defaultConfigurationName = Release;
		};
		52985FFD28F42E1E004AB9FC /* Build configuration list for PBXNativeTarget "UsedGamesUITests" */ = {
			isa = XCConfigurationList;
			buildConfigurations = (
				52985FFE28F42E1E004AB9FC /* Debug */,
				52985FFF28F42E1E004AB9FC /* Release */,
			);
			defaultConfigurationIsVisible = 0;
			defaultConfigurationName = Release;
		};
/* End XCConfigurationList section */
	};
	rootObject = 52985FCA28F42E1C004AB9FC /* Project object */;
}
